
Microsoft Visual Studio Solution File, Format Version 12.00
# Visual Studio Version 17
VisualStudioVersion = 17.8.34525.116
MinimumVisualStudioVersion = 10.0.40219.1
Project("{F184B08F-C81C-45F6-A57F-5ABD9991F28F}") = "calculator1", "calculator1\calculator1.vbproj", "{804D39A4-1935-49F9-A618-E294B9A303F4}"
EndProject
Global
	GlobalSection(SolutionConfigurationPlatforms) = preSolution
		Debug|Any CPU = Debug|Any CPU
		Release|Any CPU = Release|Any CPU
	EndGlobalSection
	GlobalSection(ProjectConfigurationPlatforms) = postSolution
		{804D39A4-1935-49F9-A618-E294B9A303F4}.Debug|Any CPU.ActiveCfg = Debug|Any CPU
		{804D39A4-1935-49F9-A618-E294B9A303F4}.Debug|Any CPU.Build.0 = Debug|Any CPU
		{804D39A4-1935-49F9-A618-E294B9A303F4}.Release|Any CPU.ActiveCfg = Release|Any CPU
		{804D39A4-1935-49F9-A618-E294B9A303F4}.Release|Any CPU.Build.0 = Release|Any CPU
	EndGlobalSection
	GlobalSection(SolutionProperties) = preSolution
		HideSolutionNode = FALSE
	EndGlobalSection
	GlobalSection(ExtensibilityGlobals) = postSolution
		SolutionGuid = {0121855B-74B7-4BD5-8107-3EA04D20A781}
	EndGlobalSection
EndGlobal
